
Microsoft Visual Studio Solution File, Format Version 12.00
# Visual Studio Version 16
VisualStudioVersion = 16.0.29411.108
MinimumVisualStudioVersion = 10.0.40219.1
Project("{FAE04EC0-301F-11D3-BF4B-00C04F79EFBC}") = "Guess_Number", "Guess_Number\Guess_Number.csproj", "{696CB012-FC4F-4BB3-B8C6-25F9C9C04E68}"
EndProject
Global
	GlobalSection(SolutionConfigurationPlatforms) = preSolution
		Debug|Any CPU = Debug|Any CPU
		Release|Any CPU = Release|Any CPU
	EndGlobalSection
	GlobalSection(ProjectConfigurationPlatforms) = postSolution
		{696CB012-FC4F-4BB3-B8C6-25F9C9C04E68}.Debug|Any CPU.ActiveCfg = Debug|Any CPU
		{696CB012-FC4F-4BB3-B8C6-25F9C9C04E68}.Debug|Any CPU.Build.0 = Debug|Any CPU
		{696CB012-FC4F-4BB3-B8C6-25F9C9C04E68}.Release|Any CPU.ActiveCfg = Release|Any CPU
		{696CB012-FC4F-4BB3-B8C6-25F9C9C04E68}.Release|Any CPU.Build.0 = Release|Any CPU
	EndGlobalSection
	GlobalSection(SolutionProperties) = preSolution
		HideSolutionNode = FALSE
	EndGlobalSection
	GlobalSection(ExtensibilityGlobals) = postSolution
		SolutionGuid = {DF5F0F53-44C9-4EA6-AFB5-8F5F7B8502AD}
	EndGlobalSection
EndGlobal
